
Microsoft Visual Studio Solution File, Format Version 12.00
# Visual Studio 15
VisualStudioVersion = 15.0.27428.2037
MinimumVisualStudioVersion = 10.0.40219.1
Project("{FAE04EC0-301F-11D3-BF4B-00C04F79EFBC}") = "DataLayer", "DataLayer\DataLayer.csproj", "{8EB88110-0ADB-43EE-8FF6-FCC135011566}"
EndProject
Project("{FAE04EC0-301F-11D3-BF4B-00C04F79EFBC}") = "BusinessLayer", "BusinessLayer\BusinessLayer.csproj", "{77F58733-5C2E-4F85-9CF4-F88C7B1E9896}"
EndProject
Project("{FAE04EC0-301F-11D3-BF4B-00C04F79EFBC}") = "QuizWebApi", "QuizWebApi\QuizWebApi.csproj", "{4F7B81FA-3137-440B-8A92-A11EC7386D5B}"
EndProject
Global
	GlobalSection(SolutionConfigurationPlatforms) = preSolution
		Debug|Any CPU = Debug|Any CPU
		Release|Any CPU = Release|Any CPU
	EndGlobalSection
	GlobalSection(ProjectConfigurationPlatforms) = postSolution
		{8EB88110-0ADB-43EE-8FF6-FCC135011566}.Debug|Any CPU.ActiveCfg = Debug|Any CPU
		{8EB88110-0ADB-43EE-8FF6-FCC135011566}.Debug|Any CPU.Build.0 = Debug|Any CPU
		{8EB88110-0ADB-43EE-8FF6-FCC135011566}.Release|Any CPU.ActiveCfg = Release|Any CPU
		{8EB88110-0ADB-43EE-8FF6-FCC135011566}.Release|Any CPU.Build.0 = Release|Any CPU
		{77F58733-5C2E-4F85-9CF4-F88C7B1E9896}.Debug|Any CPU.ActiveCfg = Debug|Any CPU
		{77F58733-5C2E-4F85-9CF4-F88C7B1E9896}.Debug|Any CPU.Build.0 = Debug|Any CPU
		{77F58733-5C2E-4F85-9CF4-F88C7B1E9896}.Release|Any CPU.ActiveCfg = Release|Any CPU
		{77F58733-5C2E-4F85-9CF4-F88C7B1E9896}.Release|Any CPU.Build.0 = Release|Any CPU
		{4F7B81FA-3137-440B-8A92-A11EC7386D5B}.Debug|Any CPU.ActiveCfg = Debug|Any CPU
		{4F7B81FA-3137-440B-8A92-A11EC7386D5B}.Debug|Any CPU.Build.0 = Debug|Any CPU
		{4F7B81FA-3137-440B-8A92-A11EC7386D5B}.Release|Any CPU.ActiveCfg = Release|Any CPU
		{4F7B81FA-3137-440B-8A92-A11EC7386D5B}.Release|Any CPU.Build.0 = Release|Any CPU
	EndGlobalSection
	GlobalSection(SolutionProperties) = preSolution
		HideSolutionNode = FALSE
	EndGlobalSection
	GlobalSection(ExtensibilityGlobals) = postSolution
		SolutionGuid = {68B00BCC-1650-4C5B-9E7C-B44F3CF3589F}
	EndGlobalSection
EndGlobal
